// !$*UTF8*$!
{
	archiveVersion = 1;
	classes = {
	};
	objectVersion = 56;
	objects = {

/* Begin PBXBuildFile section */
		0C5C8E0B2ADA943B003EF83E /* petspace_iosApp.swift in Sources */ = {isa = PBXBuildFile; fileRef = 0C5C8E0A2ADA943B003EF83E /* petspace_iosApp.swift */; };
		0C5C8E0D2ADA943B003EF83E /* ContentView.swift in Sources */ = {isa = PBXBuildFile; fileRef = 0C5C8E0C2ADA943B003EF83E /* ContentView.swift */; };
		0C5C8E0F2ADA943C003EF83E /* Assets.xcassets in Resources */ = {isa = PBXBuildFile; fileRef = 0C5C8E0E2ADA943C003EF83E /* Assets.xcassets */; };
		0C5C8E122ADA943C003EF83E /* Preview Assets.xcassets in Resources */ = {isa = PBXBuildFile; fileRef = 0C5C8E112ADA943C003EF83E /* Preview Assets.xcassets */; };
		0C5C8E142ADA943C003EF83E /* Persistence.swift in Sources */ = {isa = PBXBuildFile; fileRef = 0C5C8E132ADA943C003EF83E /* Persistence.swift */; };
		0C5C8E172ADA943C003EF83E /* petspace_ios.xcdatamodeld in Sources */ = {isa = PBXBuildFile; fileRef = 0C5C8E152ADA943C003EF83E /* petspace_ios.xcdatamodeld */; };
		0C5C8E222ADA95E7003EF83E /* dummydata.json in Resources */ = {isa = PBXBuildFile; fileRef = 0C5C8E212ADA95E7003EF83E /* dummydata.json */; };
		0C5C8E242ADA9606003EF83E /* StoreModel.swift in Sources */ = {isa = PBXBuildFile; fileRef = 0C5C8E232ADA9606003EF83E /* StoreModel.swift */; };
		0C5C8E262ADAA8A8003EF83E /* MapView.swift in Sources */ = {isa = PBXBuildFile; fileRef = 0C5C8E252ADAA8A8003EF83E /* MapView.swift */; };
		0C5C8E282ADAA8E1003EF83E /* MapViewModel.swift in Sources */ = {isa = PBXBuildFile; fileRef = 0C5C8E272ADAA8E1003EF83E /* MapViewModel.swift */; };
		0C5C8E2A2ADABE8A003EF83E /* StoreListView.swift in Sources */ = {isa = PBXBuildFile; fileRef = 0C5C8E292ADABE8A003EF83E /* StoreListView.swift */; };
		0C5C8E2C2ADAC35E003EF83E /* View.swift in Sources */ = {isa = PBXBuildFile; fileRef = 0C5C8E2B2ADAC35E003EF83E /* View.swift */; };
		0C5C8E2E2ADAC37E003EF83E /* Extensions.swift in Sources */ = {isa = PBXBuildFile; fileRef = 0C5C8E2D2ADAC37E003EF83E /* Extensions.swift */; };
		0C5C8E302ADACF23003EF83E /* MapAndStoreListView.swift in Sources */ = {isa = PBXBuildFile; fileRef = 0C5C8E2F2ADACF23003EF83E /* MapAndStoreListView.swift */; };
		0C5C8E322ADAD319003EF83E /* StoreItem.swift in Sources */ = {isa = PBXBuildFile; fileRef = 0C5C8E312ADAD319003EF83E /* StoreItem.swift */; };
		0C5C8E342ADAE7DA003EF83E /* WelcomeView.swift in Sources */ = {isa = PBXBuildFile; fileRef = 0C5C8E332ADAE7DA003EF83E /* WelcomeView.swift */; };
		0C5C8E362ADAF127003EF83E /* ViewController.swift in Sources */ = {isa = PBXBuildFile; fileRef = 0C5C8E352ADAF127003EF83E /* ViewController.swift */; };
		0CCF1E262ADBA9D300519920 /* ButtonBarView.swift in Sources */ = {isa = PBXBuildFile; fileRef = 0CCF1E252ADBA9D300519920 /* ButtonBarView.swift */; };
		0CCF1E292ADBAA5300519920 /* Haptics.swift in Sources */ = {isa = PBXBuildFile; fileRef = 0CCF1E282ADBAA5300519920 /* Haptics.swift */; };
/* End PBXBuildFile section */

/* Begin PBXFileReference section */
		0C5C8E072ADA943B003EF83E /* petspace-ios.app */ = {isa = PBXFileReference; explicitFileType = wrapper.application; includeInIndex = 0; path = "petspace-ios.app"; sourceTree = BUILT_PRODUCTS_DIR; };
		0C5C8E0A2ADA943B003EF83E /* petspace_iosApp.swift */ = {isa = PBXFileReference; lastKnownFileType = sourcecode.swift; path = petspace_iosApp.swift; sourceTree = "<group>"; };
		0C5C8E0C2ADA943B003EF83E /* ContentView.swift */ = {isa = PBXFileReference; lastKnownFileType = sourcecode.swift; path = ContentView.swift; sourceTree = "<group>"; };
		0C5C8E0E2ADA943C003EF83E /* Assets.xcassets */ = {isa = PBXFileReference; lastKnownFileType = folder.assetcatalog; path = Assets.xcassets; sourceTree = "<group>"; };
		0C5C8E112ADA943C003EF83E /* Preview Assets.xcassets */ = {isa = PBXFileReference; lastKnownFileType = folder.assetcatalog; path = "Preview Assets.xcassets"; sourceTree = "<group>"; };
		0C5C8E132ADA943C003EF83E /* Persistence.swift */ = {isa = PBXFileReference; lastKnownFileType = sourcecode.swift; path = Persistence.swift; sourceTree = "<group>"; };
		0C5C8E162ADA943C003EF83E /* petspace_ios.xcdatamodel */ = {isa = PBXFileReference; lastKnownFileType = wrapper.xcdatamodel; path = petspace_ios.xcdatamodel; sourceTree = "<group>"; };
		0C5C8E202ADA9547003EF83E /* Info.plist */ = {isa = PBXFileReference; lastKnownFileType = text.plist; path = Info.plist; sourceTree = "<group>"; };
		0C5C8E212ADA95E7003EF83E /* dummydata.json */ = {isa = PBXFileReference; lastKnownFileType = text.json; path = dummydata.json; sourceTree = "<group>"; };
		0C5C8E232ADA9606003EF83E /* StoreModel.swift */ = {isa = PBXFileReference; lastKnownFileType = sourcecode.swift; path = StoreModel.swift; sourceTree = "<group>"; };
		0C5C8E252ADAA8A8003EF83E /* MapView.swift */ = {isa = PBXFileReference; lastKnownFileType = sourcecode.swift; path = MapView.swift; sourceTree = "<group>"; };
		0C5C8E272ADAA8E1003EF83E /* MapViewModel.swift */ = {isa = PBXFileReference; lastKnownFileType = sourcecode.swift; path = MapViewModel.swift; sourceTree = "<group>"; };
		0C5C8E292ADABE8A003EF83E /* StoreListView.swift */ = {isa = PBXFileReference; lastKnownFileType = sourcecode.swift; path = StoreListView.swift; sourceTree = "<group>"; };
		0C5C8E2B2ADAC35E003EF83E /* View.swift */ = {isa = PBXFileReference; lastKnownFileType = sourcecode.swift; path = View.swift; sourceTree = "<group>"; };
		0C5C8E2D2ADAC37E003EF83E /* Extensions.swift */ = {isa = PBXFileReference; lastKnownFileType = sourcecode.swift; path = Extensions.swift; sourceTree = "<group>"; };
		0C5C8E2F2ADACF23003EF83E /* MapAndStoreListView.swift */ = {isa = PBXFileReference; lastKnownFileType = sourcecode.swift; path = MapAndStoreListView.swift; sourceTree = "<group>"; };
		0C5C8E312ADAD319003EF83E /* StoreItem.swift */ = {isa = PBXFileReference; lastKnownFileType = sourcecode.swift; path = StoreItem.swift; sourceTree = "<group>"; };
		0C5C8E332ADAE7DA003EF83E /* WelcomeView.swift */ = {isa = PBXFileReference; lastKnownFileType = sourcecode.swift; path = WelcomeView.swift; sourceTree = "<group>"; };
		0C5C8E352ADAF127003EF83E /* ViewController.swift */ = {isa = PBXFileReference; lastKnownFileType = sourcecode.swift; path = ViewController.swift; sourceTree = "<group>"; };
		0CCF1E252ADBA9D300519920 /* ButtonBarView.swift */ = {isa = PBXFileReference; lastKnownFileType = sourcecode.swift; path = ButtonBarView.swift; sourceTree = "<group>"; };
		0CCF1E282ADBAA5300519920 /* Haptics.swift */ = {isa = PBXFileReference; lastKnownFileType = sourcecode.swift; path = Haptics.swift; sourceTree = "<group>"; };
/* End PBXFileReference section */

/* Begin PBXFrameworksBuildPhase section */
		0C5C8E042ADA943B003EF83E /* Frameworks */ = {
			isa = PBXFrameworksBuildPhase;
			buildActionMask = 2147483647;
			files = (
			);
			runOnlyForDeploymentPostprocessing = 0;
		};
/* End PBXFrameworksBuildPhase section */

/* Begin PBXGroup section */
		0C5C8DFE2ADA943B003EF83E = {
			isa = PBXGroup;
			children = (
				0C5C8E092ADA943B003EF83E /* petspace-ios */,
				0C5C8E082ADA943B003EF83E /* Products */,
			);
			sourceTree = "<group>";
		};
		0C5C8E082ADA943B003EF83E /* Products */ = {
			isa = PBXGroup;
			children = (
				0C5C8E072ADA943B003EF83E /* petspace-ios.app */,
			);
			name = Products;
			sourceTree = "<group>";
		};
		0C5C8E092ADA943B003EF83E /* petspace-ios */ = {
			isa = PBXGroup;
			children = (
				0C5C8E0A2ADA943B003EF83E /* petspace_iosApp.swift */,
				0C5C8E202ADA9547003EF83E /* Info.plist */,
				0C5C8E1F2ADA94EA003EF83E /* Data */,
				0C5C8E1E2ADA94E0003EF83E /* Model */,
				0C5C8E1D2ADA94D8003EF83E /* View */,
				0CCF1E272ADBAA4200519920 /* Helpers */,
				0C5C8E0E2ADA943C003EF83E /* Assets.xcassets */,
				0C5C8E132ADA943C003EF83E /* Persistence.swift */,
				0C5C8E152ADA943C003EF83E /* petspace_ios.xcdatamodeld */,
				0C5C8E102ADA943C003EF83E /* Preview Content */,
			);
			path = "petspace-ios";
			sourceTree = "<group>";
		};
		0C5C8E102ADA943C003EF83E /* Preview Content */ = {
			isa = PBXGroup;
			children = (
				0C5C8E112ADA943C003EF83E /* Preview Assets.xcassets */,
			);
			path = "Preview Content";
			sourceTree = "<group>";
		};
		0C5C8E1D2ADA94D8003EF83E /* View */ = {
			isa = PBXGroup;
			children = (
				0C5C8E0C2ADA943B003EF83E /* ContentView.swift */,
				0C5C8E252ADAA8A8003EF83E /* MapView.swift */,
				0C5C8E292ADABE8A003EF83E /* StoreListView.swift */,
				0C5C8E2B2ADAC35E003EF83E /* View.swift */,
				0C5C8E2F2ADACF23003EF83E /* MapAndStoreListView.swift */,
				0C5C8E312ADAD319003EF83E /* StoreItem.swift */,
				0C5C8E332ADAE7DA003EF83E /* WelcomeView.swift */,
				0CCF1E252ADBA9D300519920 /* ButtonBarView.swift */,
			);
			path = View;
			sourceTree = "<group>";
		};
		0C5C8E1E2ADA94E0003EF83E /* Model */ = {
			isa = PBXGroup;
			children = (
				0C5C8E272ADAA8E1003EF83E /* MapViewModel.swift */,
				0C5C8E352ADAF127003EF83E /* ViewController.swift */,
			);
			path = Model;
			sourceTree = "<group>";
		};
		0C5C8E1F2ADA94EA003EF83E /* Data */ = {
			isa = PBXGroup;
			children = (
				0C5C8E212ADA95E7003EF83E /* dummydata.json */,
				0C5C8E232ADA9606003EF83E /* StoreModel.swift */,
				0C5C8E2D2ADAC37E003EF83E /* Extensions.swift */,
			);
			path = Data;
			sourceTree = "<group>";
		};
		0CCF1E272ADBAA4200519920 /* Helpers */ = {
			isa = PBXGroup;
			children = (
				0CCF1E282ADBAA5300519920 /* Haptics.swift */,
			);
			path = Helpers;
			sourceTree = "<group>";
		};
/* End PBXGroup section */

/* Begin PBXNativeTarget section */
		0C5C8E062ADA943B003EF83E /* petspace-ios */ = {
			isa = PBXNativeTarget;
			buildConfigurationList = 0C5C8E1A2ADA943C003EF83E /* Build configuration list for PBXNativeTarget "petspace-ios" */;
			buildPhases = (
				0C5C8E032ADA943B003EF83E /* Sources */,
				0C5C8E042ADA943B003EF83E /* Frameworks */,
				0C5C8E052ADA943B003EF83E /* Resources */,
			);
			buildRules = (
			);
			dependencies = (
			);
			name = "petspace-ios";
			productName = "petspace-ios";
			productReference = 0C5C8E072ADA943B003EF83E /* petspace-ios.app */;
			productType = "com.apple.product-type.application";
		};
/* End PBXNativeTarget section */

/* Begin PBXProject section */
		0C5C8DFF2ADA943B003EF83E /* Project object */ = {
			isa = PBXProject;
			attributes = {
				BuildIndependentTargetsInParallel = 1;
				LastSwiftUpdateCheck = 1500;
				LastUpgradeCheck = 1500;
				TargetAttributes = {
					0C5C8E062ADA943B003EF83E = {
						CreatedOnToolsVersion = 15.0;
					};
				};
			};
			buildConfigurationList = 0C5C8E022ADA943B003EF83E /* Build configuration list for PBXProject "petspace-ios" */;
			compatibilityVersion = "Xcode 14.0";
			developmentRegion = en;
			hasScannedForEncodings = 0;
			knownRegions = (
				en,
				Base,
			);
			mainGroup = 0C5C8DFE2ADA943B003EF83E;
			productRefGroup = 0C5C8E082ADA943B003EF83E /* Products */;
			projectDirPath = "";
			projectRoot = "";
			targets = (
				0C5C8E062ADA943B003EF83E /* petspace-ios */,
			);
		};
/* End PBXProject section */

/* Begin PBXResourcesBuildPhase section */
		0C5C8E052ADA943B003EF83E /* Resources */ = {
			isa = PBXResourcesBuildPhase;
			buildActionMask = 2147483647;
			files = (
				0C5C8E122ADA943C003EF83E /* Preview Assets.xcassets in Resources */,
				0C5C8E0F2ADA943C003EF83E /* Assets.xcassets in Resources */,
				0C5C8E222ADA95E7003EF83E /* dummydata.json in Resources */,
			);
			runOnlyForDeploymentPostprocessing = 0;
		};
/* End PBXResourcesBuildPhase section */

/* Begin PBXSourcesBuildPhase section */
		0C5C8E032ADA943B003EF83E /* Sources */ = {
			isa = PBXSourcesBuildPhase;
			buildActionMask = 2147483647;
			files = (
				0C5C8E172ADA943C003EF83E /* petspace_ios.xcdatamodeld in Sources */,
				0C5C8E262ADAA8A8003EF83E /* MapView.swift in Sources */,
				0C5C8E302ADACF23003EF83E /* MapAndStoreListView.swift in Sources */,
				0C5C8E2A2ADABE8A003EF83E /* StoreListView.swift in Sources */,
				0CCF1E292ADBAA5300519920 /* Haptics.swift in Sources */,
				0C5C8E362ADAF127003EF83E /* ViewController.swift in Sources */,
				0C5C8E142ADA943C003EF83E /* Persistence.swift in Sources */,
				0C5C8E0D2ADA943B003EF83E /* ContentView.swift in Sources */,
				0C5C8E322ADAD319003EF83E /* StoreItem.swift in Sources */,
				0C5C8E342ADAE7DA003EF83E /* WelcomeView.swift in Sources */,
				0C5C8E2E2ADAC37E003EF83E /* Extensions.swift in Sources */,
				0CCF1E262ADBA9D300519920 /* ButtonBarView.swift in Sources */,
				0C5C8E2C2ADAC35E003EF83E /* View.swift in Sources */,
				0C5C8E282ADAA8E1003EF83E /* MapViewModel.swift in Sources */,
				0C5C8E0B2ADA943B003EF83E /* petspace_iosApp.swift in Sources */,
				0C5C8E242ADA9606003EF83E /* StoreModel.swift in Sources */,
			);
			runOnlyForDeploymentPostprocessing = 0;
		};
/* End PBXSourcesBuildPhase section */

/* Begin XCBuildConfiguration section */
		0C5C8E182ADA943C003EF83E /* Debug */ = {
			isa = XCBuildConfiguration;
			buildSettings = {
				ALWAYS_SEARCH_USER_PATHS = NO;
				ASSETCATALOG_COMPILER_GENERATE_SWIFT_ASSET_SYMBOL_EXTENSIONS = YES;
				CLANG_ANALYZER_NONNULL = YES;
				CLANG_ANALYZER_NUMBER_OBJECT_CONVERSION = YES_AGGRESSIVE;
				CLANG_CXX_LANGUAGE_STANDARD = "gnu++20";
				CLANG_ENABLE_MODULES = YES;
				CLANG_ENABLE_OBJC_ARC = YES;
				CLANG_ENABLE_OBJC_WEAK = YES;
				CLANG_WARN_BLOCK_CAPTURE_AUTORELEASING = YES;
				CLANG_WARN_BOOL_CONVERSION = YES;
				CLANG_WARN_COMMA = YES;
				CLANG_WARN_CONSTANT_CONVERSION = YES;
				CLANG_WARN_DEPRECATED_OBJC_IMPLEMENTATIONS = YES;
				CLANG_WARN_DIRECT_OBJC_ISA_USAGE = YES_ERROR;
				CLANG_WARN_DOCUMENTATION_COMMENTS = YES;
				CLANG_WARN_EMPTY_BODY = YES;
				CLANG_WARN_ENUM_CONVERSION = YES;
				CLANG_WARN_INFINITE_RECURSION = YES;
				CLANG_WARN_INT_CONVERSION = YES;
				CLANG_WARN_NON_LITERAL_NULL_CONVERSION = YES;
				CLANG_WARN_OBJC_IMPLICIT_RETAIN_SELF = YES;
				CLANG_WARN_OBJC_LITERAL_CONVERSION = YES;
				CLANG_WARN_OBJC_ROOT_CLASS = YES_ERROR;
				CLANG_WARN_QUOTED_INCLUDE_IN_FRAMEWORK_HEADER = YES;
				CLANG_WARN_RANGE_LOOP_ANALYSIS = YES;
				CLANG_WARN_STRICT_PROTOTYPES = YES;
				CLANG_WARN_SUSPICIOUS_MOVE = YES;
				CLANG_WARN_UNGUARDED_AVAILABILITY = YES_AGGRESSIVE;
				CLANG_WARN_UNREACHABLE_CODE = YES;
				CLANG_WARN__DUPLICATE_METHOD_MATCH = YES;
				COPY_PHASE_STRIP = NO;
				DEBUG_INFORMATION_FORMAT = dwarf;
				ENABLE_STRICT_OBJC_MSGSEND = YES;
				ENABLE_TESTABILITY = YES;
				ENABLE_USER_SCRIPT_SANDBOXING = YES;
				GCC_C_LANGUAGE_STANDARD = gnu17;
				GCC_DYNAMIC_NO_PIC = NO;
				GCC_NO_COMMON_BLOCKS = YES;
				GCC_OPTIMIZATION_LEVEL = 0;
				GCC_PREPROCESSOR_DEFINITIONS = (
					"DEBUG=1",
					"$(inherited)",
				);
				GCC_WARN_64_TO_32_BIT_CONVERSION = YES;
				GCC_WARN_ABOUT_RETURN_TYPE = YES_ERROR;
				GCC_WARN_UNDECLARED_SELECTOR = YES;
				GCC_WARN_UNINITIALIZED_AUTOS = YES_AGGRESSIVE;
				GCC_WARN_UNUSED_FUNCTION = YES;
				GCC_WARN_UNUSED_VARIABLE = YES;
				IPHONEOS_DEPLOYMENT_TARGET = 17.0;
				LOCALIZATION_PREFERS_STRING_CATALOGS = YES;
				MTL_ENABLE_DEBUG_INFO = INCLUDE_SOURCE;
				MTL_FAST_MATH = YES;
				ONLY_ACTIVE_ARCH = YES;
				SDKROOT = iphoneos;
				SWIFT_ACTIVE_COMPILATION_CONDITIONS = "DEBUG $(inherited)";
				SWIFT_OPTIMIZATION_LEVEL = "-Onone";
			};
			name = Debug;
		};
		0C5C8E192ADA943C003EF83E /* Release */ = {
			isa = XCBuildConfiguration;
			buildSettings = {
				ALWAYS_SEARCH_USER_PATHS = NO;
				ASSETCATALOG_COMPILER_GENERATE_SWIFT_ASSET_SYMBOL_EXTENSIONS = YES;
				CLANG_ANALYZER_NONNULL = YES;
				CLANG_ANALYZER_NUMBER_OBJECT_CONVERSION = YES_AGGRESSIVE;
				CLANG_CXX_LANGUAGE_STANDARD = "gnu++20";
				CLANG_ENABLE_MODULES = YES;
				CLANG_ENABLE_OBJC_ARC = YES;
				CLANG_ENABLE_OBJC_WEAK = YES;
				CLANG_WARN_BLOCK_CAPTURE_AUTORELEASING = YES;
				CLANG_WARN_BOOL_CONVERSION = YES;
				CLANG_WARN_COMMA = YES;
				CLANG_WARN_CONSTANT_CONVERSION = YES;
				CLANG_WARN_DEPRECATED_OBJC_IMPLEMENTATIONS = YES;
				CLANG_WARN_DIRECT_OBJC_ISA_USAGE = YES_ERROR;
				CLANG_WARN_DOCUMENTATION_COMMENTS = YES;
				CLANG_WARN_EMPTY_BODY = YES;
				CLANG_WARN_ENUM_CONVERSION = YES;
				CLANG_WARN_INFINITE_RECURSION = YES;
				CLANG_WARN_INT_CONVERSION = YES;
				CLANG_WARN_NON_LITERAL_NULL_CONVERSION = YES;
				CLANG_WARN_OBJC_IMPLICIT_RETAIN_SELF = YES;
				CLANG_WARN_OBJC_LITERAL_CONVERSION = YES;
				CLANG_WARN_OBJC_ROOT_CLASS = YES_ERROR;
				CLANG_WARN_QUOTED_INCLUDE_IN_FRAMEWORK_HEADER = YES;
				CLANG_WARN_RANGE_LOOP_ANALYSIS = YES;
				CLANG_WARN_STRICT_PROTOTYPES = YES;
				CLANG_WARN_SUSPICIOUS_MOVE = YES;
				CLANG_WARN_UNGUARDED_AVAILABILITY = YES_AGGRESSIVE;
				CLANG_WARN_UNREACHABLE_CODE = YES;
				CLANG_WARN__DUPLICATE_METHOD_MATCH = YES;
				COPY_PHASE_STRIP = NO;
				DEBUG_INFORMATION_FORMAT = "dwarf-with-dsym";
				ENABLE_NS_ASSERTIONS = NO;
				ENABLE_STRICT_OBJC_MSGSEND = YES;
				ENABLE_USER_SCRIPT_SANDBOXING = YES;
				GCC_C_LANGUAGE_STANDARD = gnu17;
				GCC_NO_COMMON_BLOCKS = YES;
				GCC_WARN_64_TO_32_BIT_CONVERSION = YES;
				GCC_WARN_ABOUT_RETURN_TYPE = YES_ERROR;
				GCC_WARN_UNDECLARED_SELECTOR = YES;
				GCC_WARN_UNINITIALIZED_AUTOS = YES_AGGRESSIVE;
				GCC_WARN_UNUSED_FUNCTION = YES;
				GCC_WARN_UNUSED_VARIABLE = YES;
				IPHONEOS_DEPLOYMENT_TARGET = 17.0;
				LOCALIZATION_PREFERS_STRING_CATALOGS = YES;
				MTL_ENABLE_DEBUG_INFO = NO;
				MTL_FAST_MATH = YES;
				SDKROOT = iphoneos;
				SWIFT_COMPILATION_MODE = wholemodule;
				VALIDATE_PRODUCT = YES;
			};
			name = Release;
		};
		0C5C8E1B2ADA943C003EF83E /* Debug */ = {
			isa = XCBuildConfiguration;
			buildSettings = {
				ASSETCATALOG_COMPILER_APPICON_NAME = AppIcon;
				ASSETCATALOG_COMPILER_GLOBAL_ACCENT_COLOR_NAME = AccentColor;
				CODE_SIGN_STYLE = Automatic;
				CURRENT_PROJECT_VERSION = 1;
				DEVELOPMENT_ASSET_PATHS = "\"petspace-ios/Preview Content\"";
				DEVELOPMENT_TEAM = NCLJJYF4QS;
				ENABLE_PREVIEWS = YES;
				GENERATE_INFOPLIST_FILE = YES;
				INFOPLIST_FILE = "petspace-ios/Info.plist";
				INFOPLIST_KEY_CFBundleDisplayName = "펫스페이스(베타)";
				INFOPLIST_KEY_LSApplicationCategoryType = "public.app-category.lifestyle";
				INFOPLIST_KEY_NSLocationWhenInUseUsageDescription = "사용자의 현재 위치 정보를 기반으로, 여러 장소까지의 거리를 계산하여 보여줍니다.";
				INFOPLIST_KEY_UIApplicationSceneManifest_Generation = YES;
				INFOPLIST_KEY_UIApplicationSupportsIndirectInputEvents = YES;
				INFOPLIST_KEY_UILaunchScreen_Generation = YES;
				INFOPLIST_KEY_UISupportedInterfaceOrientations = UIInterfaceOrientationPortrait;
				INFOPLIST_KEY_UISupportedInterfaceOrientations_iPad = "UIInterfaceOrientationLandscapeLeft UIInterfaceOrientationLandscapeRight UIInterfaceOrientationPortrait UIInterfaceOrientationPortraitUpsideDown";
				LD_RUNPATH_SEARCH_PATHS = (
					"$(inherited)",
					"@executable_path/Frameworks",
				);
				MARKETING_VERSION = 1.0;
				PRODUCT_BUNDLE_IDENTIFIER = "com.leehe228.petspace-ios";
				PRODUCT_NAME = "$(TARGET_NAME)";
				SWIFT_EMIT_LOC_STRINGS = YES;
				SWIFT_VERSION = 5.0;
				TARGETED_DEVICE_FAMILY = "1,2";
			};
			name = Debug;
		};
		0C5C8E1C2ADA943C003EF83E /* Release */ = {
			isa = XCBuildConfiguration;
			buildSettings = {
				ASSETCATALOG_COMPILER_APPICON_NAME = AppIcon;
				ASSETCATALOG_COMPILER_GLOBAL_ACCENT_COLOR_NAME = AccentColor;
				CODE_SIGN_STYLE = Automatic;
				CURRENT_PROJECT_VERSION = 1;
				DEVELOPMENT_ASSET_PATHS = "\"petspace-ios/Preview Content\"";
				DEVELOPMENT_TEAM = NCLJJYF4QS;
				ENABLE_PREVIEWS = YES;
				GENERATE_INFOPLIST_FILE = YES;
				INFOPLIST_FILE = "petspace-ios/Info.plist";
				INFOPLIST_KEY_CFBundleDisplayName = "펫스페이스(베타)";
				INFOPLIST_KEY_LSApplicationCategoryType = "public.app-category.lifestyle";
				INFOPLIST_KEY_NSLocationWhenInUseUsageDescription = "사용자의 현재 위치 정보를 기반으로, 여러 장소까지의 거리를 계산하여 보여줍니다.";
				INFOPLIST_KEY_UIApplicationSceneManifest_Generation = YES;
				INFOPLIST_KEY_UIApplicationSupportsIndirectInputEvents = YES;
				INFOPLIST_KEY_UILaunchScreen_Generation = YES;
				INFOPLIST_KEY_UISupportedInterfaceOrientations = UIInterfaceOrientationPortrait;
				INFOPLIST_KEY_UISupportedInterfaceOrientations_iPad = "UIInterfaceOrientationLandscapeLeft UIInterfaceOrientationLandscapeRight UIInterfaceOrientationPortrait UIInterfaceOrientationPortraitUpsideDown";
				LD_RUNPATH_SEARCH_PATHS = (
					"$(inherited)",
					"@executable_path/Frameworks",
				);
				MARKETING_VERSION = 1.0;
				PRODUCT_BUNDLE_IDENTIFIER = "com.leehe228.petspace-ios";
				PRODUCT_NAME = "$(TARGET_NAME)";
				SWIFT_EMIT_LOC_STRINGS = YES;
				SWIFT_VERSION = 5.0;
				TARGETED_DEVICE_FAMILY = "1,2";
			};
			name = Release;
		};
/* End XCBuildConfiguration section */

/* Begin XCConfigurationList section */
		0C5C8E022ADA943B003EF83E /* Build configuration list for PBXProject "petspace-ios" */ = {
			isa = XCConfigurationList;
			buildConfigurations = (
				0C5C8E182ADA943C003EF83E /* Debug */,
				0C5C8E192ADA943C003EF83E /* Release */,
			);
			defaultConfigurationIsVisible = 0;
			defaultConfigurationName = Release;
		};
		0C5C8E1A2ADA943C003EF83E /* Build configuration list for PBXNativeTarget "petspace-ios" */ = {
			isa = XCConfigurationList;
			buildConfigurations = (
				0C5C8E1B2ADA943C003EF83E /* Debug */,
				0C5C8E1C2ADA943C003EF83E /* Release */,
			);
			defaultConfigurationIsVisible = 0;
			defaultConfigurationName = Release;
		};
/* End XCConfigurationList section */

/* Begin XCVersionGroup section */
		0C5C8E152ADA943C003EF83E /* petspace_ios.xcdatamodeld */ = {
			isa = XCVersionGroup;
			children = (
				0C5C8E162ADA943C003EF83E /* petspace_ios.xcdatamodel */,
			);
			currentVersion = 0C5C8E162ADA943C003EF83E /* petspace_ios.xcdatamodel */;
			path = petspace_ios.xcdatamodeld;
			sourceTree = "<group>";
			versionGroupType = wrapper.xcdatamodel;
		};
/* End XCVersionGroup section */
	};
	rootObject = 0C5C8DFF2ADA943B003EF83E /* Project object */;
}
