// !$*UTF8*$!
{
	archiveVersion = 1;
	classes = {
	};
	objectVersion = 56;
	objects = {

/* Begin PBXBuildFile section */
		0C0D3B362AFA9FA400AC4FAC /* ControlView.swift in Sources */ = {isa = PBXBuildFile; fileRef = 0C0D3B352AFA9FA400AC4FAC /* ControlView.swift */; };
		0C3CBC942AFB7EFB000862C3 /* dummy2.json in Resources */ = {isa = PBXBuildFile; fileRef = 0C3CBC932AFB7EFB000862C3 /* dummy2.json */; };
		0CB76C4D2AFA79AC009D7424 /* petspace_iosApp.swift in Sources */ = {isa = PBXBuildFile; fileRef = 0CB76C4C2AFA79AC009D7424 /* petspace_iosApp.swift */; };
		0CB76C512AFA79AD009D7424 /* Assets.xcassets in Resources */ = {isa = PBXBuildFile; fileRef = 0CB76C502AFA79AD009D7424 /* Assets.xcassets */; };
		0CB76C542AFA79AD009D7424 /* Preview Assets.xcassets in Resources */ = {isa = PBXBuildFile; fileRef = 0CB76C532AFA79AD009D7424 /* Preview Assets.xcassets */; };
		0CB76C562AFA79AD009D7424 /* Persistence.swift in Sources */ = {isa = PBXBuildFile; fileRef = 0CB76C552AFA79AD009D7424 /* Persistence.swift */; };
		0CB76C592AFA79AD009D7424 /* petspace_ios.xcdatamodeld in Sources */ = {isa = PBXBuildFile; fileRef = 0CB76C572AFA79AD009D7424 /* petspace_ios.xcdatamodeld */; };
		0CB76C612AFA7A7A009D7424 /* ConfettiSwiftUI in Frameworks */ = {isa = PBXBuildFile; productRef = 0CB76C602AFA7A7A009D7424 /* ConfettiSwiftUI */; };
		0CB76C6C2AFA7CD9009D7424 /* ProfileView.swift in Sources */ = {isa = PBXBuildFile; fileRef = 0CB76C6B2AFA7CD9009D7424 /* ProfileView.swift */; };
		0CB76C6F2AFA8012009D7424 /* dummy.json in Resources */ = {isa = PBXBuildFile; fileRef = 0CB76C6E2AFA8012009D7424 /* dummy.json */; };
		0CB76C712AFA8026009D7424 /* dogbreed.json in Resources */ = {isa = PBXBuildFile; fileRef = 0CB76C702AFA8026009D7424 /* dogbreed.json */; };
		0CB76C732AFA8054009D7424 /* StoreViewModel.swift in Sources */ = {isa = PBXBuildFile; fileRef = 0CB76C722AFA8054009D7424 /* StoreViewModel.swift */; };
		0CB76C752AFA805B009D7424 /* MapViewModel.swift in Sources */ = {isa = PBXBuildFile; fileRef = 0CB76C742AFA805B009D7424 /* MapViewModel.swift */; };
		0CB76C772AFA809D009D7424 /* StoreData.swift in Sources */ = {isa = PBXBuildFile; fileRef = 0CB76C762AFA809D009D7424 /* StoreData.swift */; };
		0CB76C792AFA80A4009D7424 /* DogBreedData.swift in Sources */ = {isa = PBXBuildFile; fileRef = 0CB76C782AFA80A4009D7424 /* DogBreedData.swift */; };
		0CB76C7D2AFA95E0009D7424 /* ServerInfo.swift in Sources */ = {isa = PBXBuildFile; fileRef = 0CB76C7C2AFA95E0009D7424 /* ServerInfo.swift */; };
/* End PBXBuildFile section */

/* Begin PBXFileReference section */
		0C0D3B352AFA9FA400AC4FAC /* ControlView.swift */ = {isa = PBXFileReference; lastKnownFileType = sourcecode.swift; path = ControlView.swift; sourceTree = "<group>"; };
		0C3CBC932AFB7EFB000862C3 /* dummy2.json */ = {isa = PBXFileReference; lastKnownFileType = text.json; path = dummy2.json; sourceTree = "<group>"; };
		0CB76C492AFA79AC009D7424 /* petspace-ios.app */ = {isa = PBXFileReference; explicitFileType = wrapper.application; includeInIndex = 0; path = "petspace-ios.app"; sourceTree = BUILT_PRODUCTS_DIR; };
		0CB76C4C2AFA79AC009D7424 /* petspace_iosApp.swift */ = {isa = PBXFileReference; lastKnownFileType = sourcecode.swift; path = petspace_iosApp.swift; sourceTree = "<group>"; };
		0CB76C502AFA79AD009D7424 /* Assets.xcassets */ = {isa = PBXFileReference; lastKnownFileType = folder.assetcatalog; path = Assets.xcassets; sourceTree = "<group>"; };
		0CB76C532AFA79AD009D7424 /* Preview Assets.xcassets */ = {isa = PBXFileReference; lastKnownFileType = folder.assetcatalog; path = "Preview Assets.xcassets"; sourceTree = "<group>"; };
		0CB76C552AFA79AD009D7424 /* Persistence.swift */ = {isa = PBXFileReference; lastKnownFileType = sourcecode.swift; path = Persistence.swift; sourceTree = "<group>"; };
		0CB76C582AFA79AD009D7424 /* petspace_ios.xcdatamodel */ = {isa = PBXFileReference; lastKnownFileType = wrapper.xcdatamodel; path = petspace_ios.xcdatamodel; sourceTree = "<group>"; };
		0CB76C6B2AFA7CD9009D7424 /* ProfileView.swift */ = {isa = PBXFileReference; lastKnownFileType = sourcecode.swift; path = ProfileView.swift; sourceTree = "<group>"; };
		0CB76C6E2AFA8012009D7424 /* dummy.json */ = {isa = PBXFileReference; lastKnownFileType = text.json; path = dummy.json; sourceTree = "<group>"; };
		0CB76C702AFA8026009D7424 /* dogbreed.json */ = {isa = PBXFileReference; lastKnownFileType = text.json; path = dogbreed.json; sourceTree = "<group>"; };
		0CB76C722AFA8054009D7424 /* StoreViewModel.swift */ = {isa = PBXFileReference; lastKnownFileType = sourcecode.swift; path = StoreViewModel.swift; sourceTree = "<group>"; };
		0CB76C742AFA805B009D7424 /* MapViewModel.swift */ = {isa = PBXFileReference; lastKnownFileType = sourcecode.swift; path = MapViewModel.swift; sourceTree = "<group>"; };
		0CB76C762AFA809D009D7424 /* StoreData.swift */ = {isa = PBXFileReference; lastKnownFileType = sourcecode.swift; path = StoreData.swift; sourceTree = "<group>"; };
		0CB76C782AFA80A4009D7424 /* DogBreedData.swift */ = {isa = PBXFileReference; lastKnownFileType = sourcecode.swift; path = DogBreedData.swift; sourceTree = "<group>"; };
		0CB76C7C2AFA95E0009D7424 /* ServerInfo.swift */ = {isa = PBXFileReference; lastKnownFileType = sourcecode.swift; path = ServerInfo.swift; sourceTree = "<group>"; };
/* End PBXFileReference section */

/* Begin PBXFrameworksBuildPhase section */
		0CB76C462AFA79AC009D7424 /* Frameworks */ = {
			isa = PBXFrameworksBuildPhase;
			buildActionMask = 2147483647;
			files = (
				0CB76C612AFA7A7A009D7424 /* ConfettiSwiftUI in Frameworks */,
			);
			runOnlyForDeploymentPostprocessing = 0;
		};
/* End PBXFrameworksBuildPhase section */

/* Begin PBXGroup section */
		0CB76C402AFA79AC009D7424 = {
			isa = PBXGroup;
			children = (
				0CB76C4B2AFA79AC009D7424 /* petspace-ios */,
				0CB76C4A2AFA79AC009D7424 /* Products */,
			);
			sourceTree = "<group>";
		};
		0CB76C4A2AFA79AC009D7424 /* Products */ = {
			isa = PBXGroup;
			children = (
				0CB76C492AFA79AC009D7424 /* petspace-ios.app */,
			);
			name = Products;
			sourceTree = "<group>";
		};
		0CB76C4B2AFA79AC009D7424 /* petspace-ios */ = {
			isa = PBXGroup;
			children = (
				0CB76C4C2AFA79AC009D7424 /* petspace_iosApp.swift */,
				0CB76C502AFA79AD009D7424 /* Assets.xcassets */,
				0CB76C552AFA79AD009D7424 /* Persistence.swift */,
				0CB76C572AFA79AD009D7424 /* petspace_ios.xcdatamodeld */,
				0CB76C622AFA7C5B009D7424 /* Models */,
				0CB76C632AFA7C67009D7424 /* Views */,
				0CB76C6D2AFA7F80009D7424 /* Data */,
				0CB76C7A2AFA95B5009D7424 /* Extensions */,
				0CB76C522AFA79AD009D7424 /* Preview Content */,
			);
			path = "petspace-ios";
			sourceTree = "<group>";
		};
		0CB76C522AFA79AD009D7424 /* Preview Content */ = {
			isa = PBXGroup;
			children = (
				0CB76C532AFA79AD009D7424 /* Preview Assets.xcassets */,
			);
			path = "Preview Content";
			sourceTree = "<group>";
		};
		0CB76C622AFA7C5B009D7424 /* Models */ = {
			isa = PBXGroup;
			children = (
				0CB76C722AFA8054009D7424 /* StoreViewModel.swift */,
				0CB76C742AFA805B009D7424 /* MapViewModel.swift */,
			);
			path = Models;
			sourceTree = "<group>";
		};
		0CB76C632AFA7C67009D7424 /* Views */ = {
			isa = PBXGroup;
			children = (
				0CB76C682AFA7CA8009D7424 /* Profiles */,
				0CB76C652AFA7C86009D7424 /* Controller */,
				0CB76C642AFA7C73009D7424 /* Maps */,
				0CB76C662AFA7C93009D7424 /* Stores */,
				0CB76C6A2AFA7CBF009D7424 /* Welcome */,
				0CB76C692AFA7CAF009D7424 /* Booking */,
				0CB76C672AFA7C9D009D7424 /* Setting */,
			);
			path = Views;
			sourceTree = "<group>";
		};
		0CB76C642AFA7C73009D7424 /* Maps */ = {
			isa = PBXGroup;
			children = (
			);
			path = Maps;
			sourceTree = "<group>";
		};
		0CB76C652AFA7C86009D7424 /* Controller */ = {
			isa = PBXGroup;
			children = (
				0C0D3B352AFA9FA400AC4FAC /* ControlView.swift */,
			);
			path = Controller;
			sourceTree = "<group>";
		};
		0CB76C662AFA7C93009D7424 /* Stores */ = {
			isa = PBXGroup;
			children = (
			);
			path = Stores;
			sourceTree = "<group>";
		};
		0CB76C672AFA7C9D009D7424 /* Setting */ = {
			isa = PBXGroup;
			children = (
			);
			path = Setting;
			sourceTree = "<group>";
		};
		0CB76C682AFA7CA8009D7424 /* Profiles */ = {
			isa = PBXGroup;
			children = (
				0CB76C6B2AFA7CD9009D7424 /* ProfileView.swift */,
			);
			path = Profiles;
			sourceTree = "<group>";
		};
		0CB76C692AFA7CAF009D7424 /* Booking */ = {
			isa = PBXGroup;
			children = (
			);
			path = Booking;
			sourceTree = "<group>";
		};
		0CB76C6A2AFA7CBF009D7424 /* Welcome */ = {
			isa = PBXGroup;
			children = (
			);
			path = Welcome;
			sourceTree = "<group>";
		};
		0CB76C6D2AFA7F80009D7424 /* Data */ = {
			isa = PBXGroup;
			children = (
				0CB76C6E2AFA8012009D7424 /* dummy.json */,
				0CB76C702AFA8026009D7424 /* dogbreed.json */,
				0CB76C762AFA809D009D7424 /* StoreData.swift */,
				0CB76C782AFA80A4009D7424 /* DogBreedData.swift */,
				0C3CBC932AFB7EFB000862C3 /* dummy2.json */,
			);
			path = Data;
			sourceTree = "<group>";
		};
		0CB76C7A2AFA95B5009D7424 /* Extensions */ = {
			isa = PBXGroup;
			children = (
				0CB76C7C2AFA95E0009D7424 /* ServerInfo.swift */,
			);
			path = Extensions;
			sourceTree = "<group>";
		};
/* End PBXGroup section */

/* Begin PBXNativeTarget section */
		0CB76C482AFA79AC009D7424 /* petspace-ios */ = {
			isa = PBXNativeTarget;
			buildConfigurationList = 0CB76C5C2AFA79AD009D7424 /* Build configuration list for PBXNativeTarget "petspace-ios" */;
			buildPhases = (
				0CB76C452AFA79AC009D7424 /* Sources */,
				0CB76C462AFA79AC009D7424 /* Frameworks */,
				0CB76C472AFA79AC009D7424 /* Resources */,
			);
			buildRules = (
			);
			dependencies = (
			);
			name = "petspace-ios";
			packageProductDependencies = (
				0CB76C602AFA7A7A009D7424 /* ConfettiSwiftUI */,
			);
			productName = "petspace-ios";
			productReference = 0CB76C492AFA79AC009D7424 /* petspace-ios.app */;
			productType = "com.apple.product-type.application";
		};
/* End PBXNativeTarget section */

/* Begin PBXProject section */
		0CB76C412AFA79AC009D7424 /* Project object */ = {
			isa = PBXProject;
			attributes = {
				BuildIndependentTargetsInParallel = 1;
				LastSwiftUpdateCheck = 1500;
				LastUpgradeCheck = 1500;
				TargetAttributes = {
					0CB76C482AFA79AC009D7424 = {
						CreatedOnToolsVersion = 15.0.1;
					};
				};
			};
			buildConfigurationList = 0CB76C442AFA79AC009D7424 /* Build configuration list for PBXProject "petspace-ios" */;
			compatibilityVersion = "Xcode 14.0";
			developmentRegion = en;
			hasScannedForEncodings = 0;
			knownRegions = (
				en,
				Base,
			);
			mainGroup = 0CB76C402AFA79AC009D7424;
			packageReferences = (
				0CB76C5F2AFA7A7A009D7424 /* XCRemoteSwiftPackageReference "ConfettiSwiftUI" */,
			);
			productRefGroup = 0CB76C4A2AFA79AC009D7424 /* Products */;
			projectDirPath = "";
			projectRoot = "";
			targets = (
				0CB76C482AFA79AC009D7424 /* petspace-ios */,
			);
		};
/* End PBXProject section */

/* Begin PBXResourcesBuildPhase section */
		0CB76C472AFA79AC009D7424 /* Resources */ = {
			isa = PBXResourcesBuildPhase;
			buildActionMask = 2147483647;
			files = (
				0CB76C542AFA79AD009D7424 /* Preview Assets.xcassets in Resources */,
				0CB76C712AFA8026009D7424 /* dogbreed.json in Resources */,
				0CB76C512AFA79AD009D7424 /* Assets.xcassets in Resources */,
				0CB76C6F2AFA8012009D7424 /* dummy.json in Resources */,
				0C3CBC942AFB7EFB000862C3 /* dummy2.json in Resources */,
			);
			runOnlyForDeploymentPostprocessing = 0;
		};
/* End PBXResourcesBuildPhase section */

/* Begin PBXSourcesBuildPhase section */
		0CB76C452AFA79AC009D7424 /* Sources */ = {
			isa = PBXSourcesBuildPhase;
			buildActionMask = 2147483647;
			files = (
				0CB76C6C2AFA7CD9009D7424 /* ProfileView.swift in Sources */,
				0CB76C592AFA79AD009D7424 /* petspace_ios.xcdatamodeld in Sources */,
				0CB76C562AFA79AD009D7424 /* Persistence.swift in Sources */,
				0CB76C792AFA80A4009D7424 /* DogBreedData.swift in Sources */,
				0C0D3B362AFA9FA400AC4FAC /* ControlView.swift in Sources */,
				0CB76C732AFA8054009D7424 /* StoreViewModel.swift in Sources */,
				0CB76C7D2AFA95E0009D7424 /* ServerInfo.swift in Sources */,
				0CB76C4D2AFA79AC009D7424 /* petspace_iosApp.swift in Sources */,
				0CB76C752AFA805B009D7424 /* MapViewModel.swift in Sources */,
				0CB76C772AFA809D009D7424 /* StoreData.swift in Sources */,
			);
			runOnlyForDeploymentPostprocessing = 0;
		};
/* End PBXSourcesBuildPhase section */

/* Begin XCBuildConfiguration section */
		0CB76C5A2AFA79AD009D7424 /* Debug */ = {
			isa = XCBuildConfiguration;
			buildSettings = {
				ALWAYS_SEARCH_USER_PATHS = NO;
				ASSETCATALOG_COMPILER_GENERATE_SWIFT_ASSET_SYMBOL_EXTENSIONS = YES;
				CLANG_ANALYZER_NONNULL = YES;
				CLANG_ANALYZER_NUMBER_OBJECT_CONVERSION = YES_AGGRESSIVE;
				CLANG_CXX_LANGUAGE_STANDARD = "gnu++20";
				CLANG_ENABLE_MODULES = YES;
				CLANG_ENABLE_OBJC_ARC = YES;
				CLANG_ENABLE_OBJC_WEAK = YES;
				CLANG_WARN_BLOCK_CAPTURE_AUTORELEASING = YES;
				CLANG_WARN_BOOL_CONVERSION = YES;
				CLANG_WARN_COMMA = YES;
				CLANG_WARN_CONSTANT_CONVERSION = YES;
				CLANG_WARN_DEPRECATED_OBJC_IMPLEMENTATIONS = YES;
				CLANG_WARN_DIRECT_OBJC_ISA_USAGE = YES_ERROR;
				CLANG_WARN_DOCUMENTATION_COMMENTS = YES;
				CLANG_WARN_EMPTY_BODY = YES;
				CLANG_WARN_ENUM_CONVERSION = YES;
				CLANG_WARN_INFINITE_RECURSION = YES;
				CLANG_WARN_INT_CONVERSION = YES;
				CLANG_WARN_NON_LITERAL_NULL_CONVERSION = YES;
				CLANG_WARN_OBJC_IMPLICIT_RETAIN_SELF = YES;
				CLANG_WARN_OBJC_LITERAL_CONVERSION = YES;
				CLANG_WARN_OBJC_ROOT_CLASS = YES_ERROR;
				CLANG_WARN_QUOTED_INCLUDE_IN_FRAMEWORK_HEADER = YES;
				CLANG_WARN_RANGE_LOOP_ANALYSIS = YES;
				CLANG_WARN_STRICT_PROTOTYPES = YES;
				CLANG_WARN_SUSPICIOUS_MOVE = YES;
				CLANG_WARN_UNGUARDED_AVAILABILITY = YES_AGGRESSIVE;
				CLANG_WARN_UNREACHABLE_CODE = YES;
				CLANG_WARN__DUPLICATE_METHOD_MATCH = YES;
				COPY_PHASE_STRIP = NO;
				DEBUG_INFORMATION_FORMAT = dwarf;
				ENABLE_STRICT_OBJC_MSGSEND = YES;
				ENABLE_TESTABILITY = YES;
				ENABLE_USER_SCRIPT_SANDBOXING = YES;
				GCC_C_LANGUAGE_STANDARD = gnu17;
				GCC_DYNAMIC_NO_PIC = NO;
				GCC_NO_COMMON_BLOCKS = YES;
				GCC_OPTIMIZATION_LEVEL = 0;
				GCC_PREPROCESSOR_DEFINITIONS = (
					"DEBUG=1",
					"$(inherited)",
				);
				GCC_WARN_64_TO_32_BIT_CONVERSION = YES;
				GCC_WARN_ABOUT_RETURN_TYPE = YES_ERROR;
				GCC_WARN_UNDECLARED_SELECTOR = YES;
				GCC_WARN_UNINITIALIZED_AUTOS = YES_AGGRESSIVE;
				GCC_WARN_UNUSED_FUNCTION = YES;
				GCC_WARN_UNUSED_VARIABLE = YES;
				IPHONEOS_DEPLOYMENT_TARGET = 17.0;
				LOCALIZATION_PREFERS_STRING_CATALOGS = YES;
				MTL_ENABLE_DEBUG_INFO = INCLUDE_SOURCE;
				MTL_FAST_MATH = YES;
				ONLY_ACTIVE_ARCH = YES;
				SDKROOT = iphoneos;
				SWIFT_ACTIVE_COMPILATION_CONDITIONS = "DEBUG $(inherited)";
				SWIFT_OPTIMIZATION_LEVEL = "-Onone";
			};
			name = Debug;
		};
		0CB76C5B2AFA79AD009D7424 /* Release */ = {
			isa = XCBuildConfiguration;
			buildSettings = {
				ALWAYS_SEARCH_USER_PATHS = NO;
				ASSETCATALOG_COMPILER_GENERATE_SWIFT_ASSET_SYMBOL_EXTENSIONS = YES;
				CLANG_ANALYZER_NONNULL = YES;
				CLANG_ANALYZER_NUMBER_OBJECT_CONVERSION = YES_AGGRESSIVE;
				CLANG_CXX_LANGUAGE_STANDARD = "gnu++20";
				CLANG_ENABLE_MODULES = YES;
				CLANG_ENABLE_OBJC_ARC = YES;
				CLANG_ENABLE_OBJC_WEAK = YES;
				CLANG_WARN_BLOCK_CAPTURE_AUTORELEASING = YES;
				CLANG_WARN_BOOL_CONVERSION = YES;
				CLANG_WARN_COMMA = YES;
				CLANG_WARN_CONSTANT_CONVERSION = YES;
				CLANG_WARN_DEPRECATED_OBJC_IMPLEMENTATIONS = YES;
				CLANG_WARN_DIRECT_OBJC_ISA_USAGE = YES_ERROR;
				CLANG_WARN_DOCUMENTATION_COMMENTS = YES;
				CLANG_WARN_EMPTY_BODY = YES;
				CLANG_WARN_ENUM_CONVERSION = YES;
				CLANG_WARN_INFINITE_RECURSION = YES;
				CLANG_WARN_INT_CONVERSION = YES;
				CLANG_WARN_NON_LITERAL_NULL_CONVERSION = YES;
				CLANG_WARN_OBJC_IMPLICIT_RETAIN_SELF = YES;
				CLANG_WARN_OBJC_LITERAL_CONVERSION = YES;
				CLANG_WARN_OBJC_ROOT_CLASS = YES_ERROR;
				CLANG_WARN_QUOTED_INCLUDE_IN_FRAMEWORK_HEADER = YES;
				CLANG_WARN_RANGE_LOOP_ANALYSIS = YES;
				CLANG_WARN_STRICT_PROTOTYPES = YES;
				CLANG_WARN_SUSPICIOUS_MOVE = YES;
				CLANG_WARN_UNGUARDED_AVAILABILITY = YES_AGGRESSIVE;
				CLANG_WARN_UNREACHABLE_CODE = YES;
				CLANG_WARN__DUPLICATE_METHOD_MATCH = YES;
				COPY_PHASE_STRIP = NO;
				DEBUG_INFORMATION_FORMAT = "dwarf-with-dsym";
				ENABLE_NS_ASSERTIONS = NO;
				ENABLE_STRICT_OBJC_MSGSEND = YES;
				ENABLE_USER_SCRIPT_SANDBOXING = YES;
				GCC_C_LANGUAGE_STANDARD = gnu17;
				GCC_NO_COMMON_BLOCKS = YES;
				GCC_WARN_64_TO_32_BIT_CONVERSION = YES;
				GCC_WARN_ABOUT_RETURN_TYPE = YES_ERROR;
				GCC_WARN_UNDECLARED_SELECTOR = YES;
				GCC_WARN_UNINITIALIZED_AUTOS = YES_AGGRESSIVE;
				GCC_WARN_UNUSED_FUNCTION = YES;
				GCC_WARN_UNUSED_VARIABLE = YES;
				IPHONEOS_DEPLOYMENT_TARGET = 17.0;
				LOCALIZATION_PREFERS_STRING_CATALOGS = YES;
				MTL_ENABLE_DEBUG_INFO = NO;
				MTL_FAST_MATH = YES;
				SDKROOT = iphoneos;
				SWIFT_COMPILATION_MODE = wholemodule;
				VALIDATE_PRODUCT = YES;
			};
			name = Release;
		};
		0CB76C5D2AFA79AD009D7424 /* Debug */ = {
			isa = XCBuildConfiguration;
			buildSettings = {
				ASSETCATALOG_COMPILER_APPICON_NAME = AppIcon;
				ASSETCATALOG_COMPILER_GLOBAL_ACCENT_COLOR_NAME = AccentColor;
				CODE_SIGN_STYLE = Automatic;
				CURRENT_PROJECT_VERSION = 1;
				DEVELOPMENT_ASSET_PATHS = "\"petspace-ios/Preview Content\"";
				DEVELOPMENT_TEAM = NCLJJYF4QS;
				ENABLE_PREVIEWS = YES;
				GENERATE_INFOPLIST_FILE = YES;
				INFOPLIST_KEY_CFBundleDisplayName = "펫스페이스2";
				INFOPLIST_KEY_LSApplicationCategoryType = "public.app-category.lifestyle";
				INFOPLIST_KEY_NSLocationWhenInUseUsageDescription = "펫스페이스는 사용자의 실제 위치를 기반으로 애견미용실과의 거리를 계산할 때 사용해요. 애견미용실을 거리 순으로 정렬하여 볼 수 있어요.";
				INFOPLIST_KEY_UIApplicationSceneManifest_Generation = YES;
				INFOPLIST_KEY_UIApplicationSupportsIndirectInputEvents = YES;
				INFOPLIST_KEY_UILaunchScreen_Generation = YES;
				INFOPLIST_KEY_UISupportedInterfaceOrientations = UIInterfaceOrientationPortrait;
				LD_RUNPATH_SEARCH_PATHS = (
					"$(inherited)",
					"@executable_path/Frameworks",
				);
				MARKETING_VERSION = 1.0;
				PRODUCT_BUNDLE_IDENTIFIER = "com.leehe228.petspace-ios";
				PRODUCT_NAME = "$(TARGET_NAME)";
				SWIFT_EMIT_LOC_STRINGS = YES;
				SWIFT_VERSION = 5.0;
				TARGETED_DEVICE_FAMILY = "1,2";
			};
			name = Debug;
		};
		0CB76C5E2AFA79AD009D7424 /* Release */ = {
			isa = XCBuildConfiguration;
			buildSettings = {
				ASSETCATALOG_COMPILER_APPICON_NAME = AppIcon;
				ASSETCATALOG_COMPILER_GLOBAL_ACCENT_COLOR_NAME = AccentColor;
				CODE_SIGN_STYLE = Automatic;
				CURRENT_PROJECT_VERSION = 1;
				DEVELOPMENT_ASSET_PATHS = "\"petspace-ios/Preview Content\"";
				DEVELOPMENT_TEAM = NCLJJYF4QS;
				ENABLE_PREVIEWS = YES;
				GENERATE_INFOPLIST_FILE = YES;
				INFOPLIST_KEY_CFBundleDisplayName = "펫스페이스2";
				INFOPLIST_KEY_LSApplicationCategoryType = "public.app-category.lifestyle";
				INFOPLIST_KEY_NSLocationWhenInUseUsageDescription = "펫스페이스는 사용자의 실제 위치를 기반으로 애견미용실과의 거리를 계산할 때 사용해요. 애견미용실을 거리 순으로 정렬하여 볼 수 있어요.";
				INFOPLIST_KEY_UIApplicationSceneManifest_Generation = YES;
				INFOPLIST_KEY_UIApplicationSupportsIndirectInputEvents = YES;
				INFOPLIST_KEY_UILaunchScreen_Generation = YES;
				INFOPLIST_KEY_UISupportedInterfaceOrientations = UIInterfaceOrientationPortrait;
				LD_RUNPATH_SEARCH_PATHS = (
					"$(inherited)",
					"@executable_path/Frameworks",
				);
				MARKETING_VERSION = 1.0;
				PRODUCT_BUNDLE_IDENTIFIER = "com.leehe228.petspace-ios";
				PRODUCT_NAME = "$(TARGET_NAME)";
				SWIFT_EMIT_LOC_STRINGS = YES;
				SWIFT_VERSION = 5.0;
				TARGETED_DEVICE_FAMILY = "1,2";
			};
			name = Release;
		};
/* End XCBuildConfiguration section */

/* Begin XCConfigurationList section */
		0CB76C442AFA79AC009D7424 /* Build configuration list for PBXProject "petspace-ios" */ = {
			isa = XCConfigurationList;
			buildConfigurations = (
				0CB76C5A2AFA79AD009D7424 /* Debug */,
				0CB76C5B2AFA79AD009D7424 /* Release */,
			);
			defaultConfigurationIsVisible = 0;
			defaultConfigurationName = Release;
		};
		0CB76C5C2AFA79AD009D7424 /* Build configuration list for PBXNativeTarget "petspace-ios" */ = {
			isa = XCConfigurationList;
			buildConfigurations = (
				0CB76C5D2AFA79AD009D7424 /* Debug */,
				0CB76C5E2AFA79AD009D7424 /* Release */,
			);
			defaultConfigurationIsVisible = 0;
			defaultConfigurationName = Release;
		};
/* End XCConfigurationList section */

/* Begin XCRemoteSwiftPackageReference section */
		0CB76C5F2AFA7A7A009D7424 /* XCRemoteSwiftPackageReference "ConfettiSwiftUI" */ = {
			isa = XCRemoteSwiftPackageReference;
			repositoryURL = "https://github.com/simibac/ConfettiSwiftUI";
			requirement = {
				kind = upToNextMajorVersion;
				minimumVersion = 1.1.0;
			};
		};
/* End XCRemoteSwiftPackageReference section */

/* Begin XCSwiftPackageProductDependency section */
		0CB76C602AFA7A7A009D7424 /* ConfettiSwiftUI */ = {
			isa = XCSwiftPackageProductDependency;
			package = 0CB76C5F2AFA7A7A009D7424 /* XCRemoteSwiftPackageReference "ConfettiSwiftUI" */;
			productName = ConfettiSwiftUI;
		};
/* End XCSwiftPackageProductDependency section */

/* Begin XCVersionGroup section */
		0CB76C572AFA79AD009D7424 /* petspace_ios.xcdatamodeld */ = {
			isa = XCVersionGroup;
			children = (
				0CB76C582AFA79AD009D7424 /* petspace_ios.xcdatamodel */,
			);
			currentVersion = 0CB76C582AFA79AD009D7424 /* petspace_ios.xcdatamodel */;
			path = petspace_ios.xcdatamodeld;
			sourceTree = "<group>";
			versionGroupType = wrapper.xcdatamodel;
		};
/* End XCVersionGroup section */
	};
	rootObject = 0CB76C412AFA79AC009D7424 /* Project object */;
}
